
Microsoft Visual Studio Solution File, Format Version 12.00
# Visual Studio Version 17
VisualStudioVersion = 17.11.35208.52
MinimumVisualStudioVersion = 10.0.40219.1
Project("{9A19103F-16F7-4668-BE54-9A1E7A4F7556}") = "Juegocartas", "Juegocartas\Juegocartas.csproj", "{4112663B-FB72-4A34-A388-9BFCF310E6D0}"
EndProject
Global
	GlobalSection(SolutionConfigurationPlatforms) = preSolution
		Debug|Any CPU = Debug|Any CPU
		Release|Any CPU = Release|Any CPU
	EndGlobalSection
	GlobalSection(ProjectConfigurationPlatforms) = postSolution
		{4112663B-FB72-4A34-A388-9BFCF310E6D0}.Debug|Any CPU.ActiveCfg = Debug|Any CPU
		{4112663B-FB72-4A34-A388-9BFCF310E6D0}.Debug|Any CPU.Build.0 = Debug|Any CPU
		{4112663B-FB72-4A34-A388-9BFCF310E6D0}.Release|Any CPU.ActiveCfg = Release|Any CPU
		{4112663B-FB72-4A34-A388-9BFCF310E6D0}.Release|Any CPU.Build.0 = Release|Any CPU
	EndGlobalSection
	GlobalSection(SolutionProperties) = preSolution
		HideSolutionNode = FALSE
	EndGlobalSection
	GlobalSection(ExtensibilityGlobals) = postSolution
		SolutionGuid = {0580DC30-7865-4CAD-9D5F-B9E10DE0BB3C}
	EndGlobalSection
EndGlobal
